
Microsoft Visual Studio Solution File, Format Version 12.00
# Visual Studio Version 17
VisualStudioVersion = 17.11.35327.3
MinimumVisualStudioVersion = 10.0.40219.1
Project("{FAE04EC0-301F-11D3-BF4B-00C04F79EFBC}") = "MusicRecordREST", "MusicRecordREST\MusicRecordREST.csproj", "{08837ECF-F426-4379-9DD9-CFA4593E1562}"
EndProject
Global
	GlobalSection(SolutionConfigurationPlatforms) = preSolution
		Debug|Any CPU = Debug|Any CPU
		Release|Any CPU = Release|Any CPU
	EndGlobalSection
	GlobalSection(ProjectConfigurationPlatforms) = postSolution
		{08837ECF-F426-4379-9DD9-CFA4593E1562}.Debug|Any CPU.ActiveCfg = Debug|Any CPU
		{08837ECF-F426-4379-9DD9-CFA4593E1562}.Debug|Any CPU.Build.0 = Debug|Any CPU
		{08837ECF-F426-4379-9DD9-CFA4593E1562}.Release|Any CPU.ActiveCfg = Release|Any CPU
		{08837ECF-F426-4379-9DD9-CFA4593E1562}.Release|Any CPU.Build.0 = Release|Any CPU
	EndGlobalSection
	GlobalSection(SolutionProperties) = preSolution
		HideSolutionNode = FALSE
	EndGlobalSection
	GlobalSection(ExtensibilityGlobals) = postSolution
		SolutionGuid = {A63316C2-7237-46C9-9418-EFF78F8CD690}
	EndGlobalSection
EndGlobal
